
Microsoft Visual Studio Solution File, Format Version 12.00
# Visual Studio Version 17
VisualStudioVersion = 17.3.32804.467
MinimumVisualStudioVersion = 10.0.40219.1
Project("{9A19103F-16F7-4668-BE54-9A1E7A4F7556}") = "Entities", "Entities\Entities.csproj", "{51E4D57E-8102-4F2F-8254-423DA2D79076}"
EndProject
Project("{9A19103F-16F7-4668-BE54-9A1E7A4F7556}") = "DataAccess", "DataAccess\DataAccess.csproj", "{4C18D8D6-0539-4433-8584-BD98292C72D9}"
EndProject
Project("{9A19103F-16F7-4668-BE54-9A1E7A4F7556}") = "ConsoleUI", "ConsoleUI\ConsoleUI.csproj", "{D2C3582A-9337-4033-8061-14E08D7C65BD}"
EndProject
Project("{9A19103F-16F7-4668-BE54-9A1E7A4F7556}") = "Business", "Business\Business.csproj", "{3D6817FF-3C92-4998-869F-33F00DE3155E}"
EndProject
Project("{9A19103F-16F7-4668-BE54-9A1E7A4F7556}") = "Core", "Core\Core.csproj", "{89F1C909-0355-46C8-9331-BF3370DCB931}"
EndProject
Project("{FAE04EC0-301F-11D3-BF4B-00C04F79EFBC}") = "WebAPI", "WebAPI\WebAPI.csproj", "{60838111-0886-4CD9-A003-3CDC650258CC}"
EndProject
Global
	GlobalSection(SolutionConfigurationPlatforms) = preSolution
		Debug|Any CPU = Debug|Any CPU
		Release|Any CPU = Release|Any CPU
	EndGlobalSection
	GlobalSection(ProjectConfigurationPlatforms) = postSolution
		{51E4D57E-8102-4F2F-8254-423DA2D79076}.Debug|Any CPU.ActiveCfg = Debug|Any CPU
		{51E4D57E-8102-4F2F-8254-423DA2D79076}.Debug|Any CPU.Build.0 = Debug|Any CPU
		{51E4D57E-8102-4F2F-8254-423DA2D79076}.Release|Any CPU.ActiveCfg = Release|Any CPU
		{51E4D57E-8102-4F2F-8254-423DA2D79076}.Release|Any CPU.Build.0 = Release|Any CPU
		{4C18D8D6-0539-4433-8584-BD98292C72D9}.Debug|Any CPU.ActiveCfg = Debug|Any CPU
		{4C18D8D6-0539-4433-8584-BD98292C72D9}.Debug|Any CPU.Build.0 = Debug|Any CPU
		{4C18D8D6-0539-4433-8584-BD98292C72D9}.Release|Any CPU.ActiveCfg = Release|Any CPU
		{4C18D8D6-0539-4433-8584-BD98292C72D9}.Release|Any CPU.Build.0 = Release|Any CPU
		{D2C3582A-9337-4033-8061-14E08D7C65BD}.Debug|Any CPU.ActiveCfg = Debug|Any CPU
		{D2C3582A-9337-4033-8061-14E08D7C65BD}.Debug|Any CPU.Build.0 = Debug|Any CPU
		{D2C3582A-9337-4033-8061-14E08D7C65BD}.Release|Any CPU.ActiveCfg = Release|Any CPU
		{D2C3582A-9337-4033-8061-14E08D7C65BD}.Release|Any CPU.Build.0 = Release|Any CPU
		{3D6817FF-3C92-4998-869F-33F00DE3155E}.Debug|Any CPU.ActiveCfg = Debug|Any CPU
		{3D6817FF-3C92-4998-869F-33F00DE3155E}.Debug|Any CPU.Build.0 = Debug|Any CPU
		{3D6817FF-3C92-4998-869F-33F00DE3155E}.Release|Any CPU.ActiveCfg = Release|Any CPU
		{3D6817FF-3C92-4998-869F-33F00DE3155E}.Release|Any CPU.Build.0 = Release|Any CPU
		{89F1C909-0355-46C8-9331-BF3370DCB931}.Debug|Any CPU.ActiveCfg = Debug|Any CPU
		{89F1C909-0355-46C8-9331-BF3370DCB931}.Debug|Any CPU.Build.0 = Debug|Any CPU
		{89F1C909-0355-46C8-9331-BF3370DCB931}.Release|Any CPU.ActiveCfg = Release|Any CPU
		{89F1C909-0355-46C8-9331-BF3370DCB931}.Release|Any CPU.Build.0 = Release|Any CPU
		{60838111-0886-4CD9-A003-3CDC650258CC}.Debug|Any CPU.ActiveCfg = Debug|Any CPU
		{60838111-0886-4CD9-A003-3CDC650258CC}.Debug|Any CPU.Build.0 = Debug|Any CPU
		{60838111-0886-4CD9-A003-3CDC650258CC}.Release|Any CPU.ActiveCfg = Release|Any CPU
		{60838111-0886-4CD9-A003-3CDC650258CC}.Release|Any CPU.Build.0 = Release|Any CPU
	EndGlobalSection
	GlobalSection(SolutionProperties) = preSolution
		HideSolutionNode = FALSE
	EndGlobalSection
	GlobalSection(ExtensibilityGlobals) = postSolution
		SolutionGuid = {452E25E6-EAE1-478D-8C64-CDD7261FA356}
	EndGlobalSection
EndGlobal
